PODS:
  - Alamofire (4.9.1)
  - SDWebImage (5.10.0):
    - SDWebImage/Core (= 5.10.0)
  - SDWebImage/Core (5.10.0)

DEPENDENCIES:
  - Alamofire
  - SDWebImage

SPEC REPOS:
  https://github.com/CocoaPods/Specs.git:
    - Alamofire
    - SDWebImage

SPEC CHECKSUMS:
  Alamofire: 85e8a02c69d6020a0d734f6054870d7ecb75cf18
  SDWebImage: 9169792e9eec3e45bba2a0c02f74bf8bd922d1ee

PODFILE CHECKSUM: 67f4c7f6f87fd8b111371179e8ebb1fd25d53f50

COCOAPODS: 1.10.1
